// !$*UTF8*$!
{
	archiveVersion = 1;
	classes = {
	};
	objectVersion = 46;
	objects = {

/* Begin PBXBuildFile section */
		5C2284721CA0BD13006E60D1 /* SwiftyJSON.swift in Sources */ = {isa = PBXBuildFile; fileRef = 5C2284711CA0BD13006E60D1 /* SwiftyJSON.swift */; };
		5C29A99D1C911106008AEF07 /* LoginViewController.swift in Sources */ = {isa = PBXBuildFile; fileRef = 5C29A99C1C911106008AEF07 /* LoginViewController.swift */; };
		5C364E301C90C21A00E2D829 /* AppDelegate.swift in Sources */ = {isa = PBXBuildFile; fileRef = 5C364E2F1C90C21A00E2D829 /* AppDelegate.swift */; };
		5C364E321C90C21A00E2D829 /* FirstViewController.swift in Sources */ = {isa = PBXBuildFile; fileRef = 5C364E311C90C21A00E2D829 /* FirstViewController.swift */; };
		5C364E341C90C21A00E2D829 /* SecondViewController.swift in Sources */ = {isa = PBXBuildFile; fileRef = 5C364E331C90C21A00E2D829 /* SecondViewController.swift */; };
		5C364E371C90C21A00E2D829 /* Main.storyboard in Resources */ = {isa = PBXBuildFile; fileRef = 5C364E351C90C21A00E2D829 /* Main.storyboard */; };
		5C364E391C90C21A00E2D829 /* Assets.xcassets in Resources */ = {isa = PBXBuildFile; fileRef = 5C364E381C90C21A00E2D829 /* Assets.xcassets */; };
		5C364E3C1C90C21A00E2D829 /* LaunchScreen.storyboard in Resources */ = {isa = PBXBuildFile; fileRef = 5C364E3A1C90C21A00E2D829 /* LaunchScreen.storyboard */; };
		5C364E4A1C90D66800E2D829 /* Cabbage2x.png in Resources */ = {isa = PBXBuildFile; fileRef = 5C364E471C90D66800E2D829 /* Cabbage2x.png */; };
		5C364E4B1C90D66800E2D829 /* Cabbage1x.png in Resources */ = {isa = PBXBuildFile; fileRef = 5C364E481C90D66800E2D829 /* Cabbage1x.png */; };
		5C364E4C1C90D66800E2D829 /* Cabbage0.5x.png in Resources */ = {isa = PBXBuildFile; fileRef = 5C364E491C90D66800E2D829 /* Cabbage0.5x.png */; };
		5C364E4F1C90E7F000E2D829 /* GroceryTableViewController.swift in Sources */ = {isa = PBXBuildFile; fileRef = 5C364E4E1C90E7F000E2D829 /* GroceryTableViewController.swift */; };
		5C364E511C90FA0000E2D829 /* AddFriendsViewController.swift in Sources */ = {isa = PBXBuildFile; fileRef = 5C364E501C90FA0000E2D829 /* AddFriendsViewController.swift */; };
		5C5778011C97C468001D7B74 /* CoreData.xcdatamodeld in Sources */ = {isa = PBXBuildFile; fileRef = 5C5777FF1C97C468001D7B74 /* CoreData.xcdatamodeld */; };
		5C7BBF861CA078C800FF8528 /* OAuthSwift.framework in Frameworks */ = {isa = PBXBuildFile; fileRef = 5C7BBF811CA077AC00FF8528 /* OAuthSwift.framework */; };
		5C7BBF871CA078C800FF8528 /* OAuthSwift.framework in Embed Frameworks */ = {isa = PBXBuildFile; fileRef = 5C7BBF811CA077AC00FF8528 /* OAuthSwift.framework */; settings = {ATTRIBUTES = (CodeSignOnCopy, RemoveHeadersOnCopy, ); }; };
		5C8641701C9E53B0004D58C8 /* Factual_api.swift in Sources */ = {isa = PBXBuildFile; fileRef = 5C86416F1C9E53B0004D58C8 /* Factual_api.swift */; };
		5CDC04561CA34BAC00729814 /* ItemViewController.swift in Sources */ = {isa = PBXBuildFile; fileRef = 5CDC04551CA34BAC00729814 /* ItemViewController.swift */; };
/* End PBXBuildFile section */

/* Begin PBXCopyFilesBuildPhase section */
		5C7BBF881CA078C800FF8528 /* Embed Frameworks */ = {
			isa = PBXCopyFilesBuildPhase;
			buildActionMask = 2147483647;
			dstPath = "";
			dstSubfolderSpec = 10;
			files = (
				5C7BBF871CA078C800FF8528 /* OAuthSwift.framework in Embed Frameworks */,
			);
			name = "Embed Frameworks";
			runOnlyForDeploymentPostprocessing = 0;
		};
/* End PBXCopyFilesBuildPhase section */

/* Begin PBXFileReference section */
		17EA46A1A113E317EF163615 /* Pods.release.xcconfig */ = {isa = PBXFileReference; includeInIndex = 1; lastKnownFileType = text.xcconfig; name = Pods.release.xcconfig; path = "Pods/Target Support Files/Pods/Pods.release.xcconfig"; sourceTree = "<group>"; };
		5C2284711CA0BD13006E60D1 /* SwiftyJSON.swift */ = {isa = PBXFileReference; fileEncoding = 4; lastKnownFileType = sourcecode.swift; path = SwiftyJSON.swift; sourceTree = "<group>"; };
		5C29A99C1C911106008AEF07 /* LoginViewController.swift */ = {isa = PBXFileReference; fileEncoding = 4; lastKnownFileType = sourcecode.swift; path = LoginViewController.swift; sourceTree = "<group>"; };
		5C364E2C1C90C21A00E2D829 /* Grocer.app */ = {isa = PBXFileReference; explicitFileType = wrapper.application; includeInIndex = 0; path = Grocer.app; sourceTree = BUILT_PRODUCTS_DIR; };
		5C364E2F1C90C21A00E2D829 /* AppDelegate.swift */ = {isa = PBXFileReference; lastKnownFileType = sourcecode.swift; path = AppDelegate.swift; sourceTree = "<group>"; };
		5C364E311C90C21A00E2D829 /* FirstViewController.swift */ = {isa = PBXFileReference; lastKnownFileType = sourcecode.swift; path = FirstViewController.swift; sourceTree = "<group>"; };
		5C364E331C90C21A00E2D829 /* SecondViewController.swift */ = {isa = PBXFileReference; lastKnownFileType = sourcecode.swift; path = SecondViewController.swift; sourceTree = "<group>"; };
		5C364E361C90C21A00E2D829 /* Base */ = {isa = PBXFileReference; lastKnownFileType = file.storyboard; name = Base; path = Base.lproj/Main.storyboard; sourceTree = "<group>"; };
		5C364E381C90C21A00E2D829 /* Assets.xcassets */ = {isa = PBXFileReference; lastKnownFileType = folder.assetcatalog; name = Assets.xcassets; path = Grocer/Assets.xcassets; sourceTree = "<group>"; };
		5C364E3B1C90C21A00E2D829 /* Base */ = {isa = PBXFileReference; lastKnownFileType = file.storyboard; name = Base; path = Base.lproj/LaunchScreen.storyboard; sourceTree = "<group>"; };
		5C364E3D1C90C21A00E2D829 /* Info.plist */ = {isa = PBXFileReference; lastKnownFileType = text.plist.xml; path = Info.plist; sourceTree = "<group>"; };
		5C364E471C90D66800E2D829 /* Cabbage2x.png */ = {isa = PBXFileReference; lastKnownFileType = image.png; path = Cabbage2x.png; sourceTree = "<group>"; };
		5C364E481C90D66800E2D829 /* Cabbage1x.png */ = {isa = PBXFileReference; lastKnownFileType = image.png; path = Cabbage1x.png; sourceTree = "<group>"; };
		5C364E491C90D66800E2D829 /* Cabbage0.5x.png */ = {isa = PBXFileReference; lastKnownFileType = image.png; path = Cabbage0.5x.png; sourceTree = "<group>"; };
		5C364E4E1C90E7F000E2D829 /* GroceryTableViewController.swift */ = {isa = PBXFileReference; fileEncoding = 4; lastKnownFileType = sourcecode.swift; path = GroceryTableViewController.swift; sourceTree = "<group>"; };
		5C364E501C90FA0000E2D829 /* AddFriendsViewController.swift */ = {isa = PBXFileReference; fileEncoding = 4; lastKnownFileType = sourcecode.swift; path = AddFriendsViewController.swift; sourceTree = "<group>"; };
		5C5778001C97C468001D7B74 /* CoreData.xcdatamodel */ = {isa = PBXFileReference; lastKnownFileType = wrapper.xcdatamodel; path = CoreData.xcdatamodel; sourceTree = "<group>"; };
		5C7BBF811CA077AC00FF8528 /* OAuthSwift.framework */ = {isa = PBXFileReference; lastKnownFileType = wrapper.framework; name = OAuthSwift.framework; path = Carthage/Build/iOS/OAuthSwift.framework; sourceTree = "<group>"; };
		5C86416F1C9E53B0004D58C8 /* Factual_api.swift */ = {isa = PBXFileReference; fileEncoding = 4; lastKnownFileType = sourcecode.swift; path = Factual_api.swift; sourceTree = "<group>"; };
		5CDC04551CA34BAC00729814 /* ItemViewController.swift */ = {isa = PBXFileReference; fileEncoding = 4; lastKnownFileType = sourcecode.swift; path = ItemViewController.swift; sourceTree = "<group>"; };
		A77070D86B6AE7EF2665C018 /* Pods.debug.xcconfig */ = {isa = PBXFileReference; includeInIndex = 1; lastKnownFileType = text.xcconfig; name = Pods.debug.xcconfig; path = "Pods/Target Support Files/Pods/Pods.debug.xcconfig"; sourceTree = "<group>"; };
/* End PBXFileReference section */

/* Begin PBXFrameworksBuildPhase section */
		5C364E291C90C21A00E2D829 /* Frameworks */ = {
			isa = PBXFrameworksBuildPhase;
			buildActionMask = 2147483647;
			files = (
				5C7BBF861CA078C800FF8528 /* OAuthSwift.framework in Frameworks */,
			);
			runOnlyForDeploymentPostprocessing = 0;
		};
/* End PBXFrameworksBuildPhase section */

/* Begin PBXGroup section */
		5C364E231C90C21A00E2D829 = {
			isa = PBXGroup;
			children = (
				5C364E2E1C90C21A00E2D829 /* Grocer */,
				5C364E2D1C90C21A00E2D829 /* Products */,
				5C364E4D1C90E02200E2D829 /* Pictures */,
				F6C0D48AED2E9F38125DC042 /* Pods */,
				C39FDA519A8D3A04B7D2A7B2 /* Frameworks */,
			);
			sourceTree = "<group>";
		};
		5C364E2D1C90C21A00E2D829 /* Products */ = {
			isa = PBXGroup;
			children = (
				5C364E2C1C90C21A00E2D829 /* Grocer.app */,
			);
			name = Products;
			sourceTree = "<group>";
		};
		5C364E2E1C90C21A00E2D829 /* Grocer */ = {
			isa = PBXGroup;
			children = (
				5C364E2F1C90C21A00E2D829 /* AppDelegate.swift */,
				5C86416F1C9E53B0004D58C8 /* Factual_api.swift */,
				5C364E311C90C21A00E2D829 /* FirstViewController.swift */,
				5C364E331C90C21A00E2D829 /* SecondViewController.swift */,
				5C364E4E1C90E7F000E2D829 /* GroceryTableViewController.swift */,
				5C364E501C90FA0000E2D829 /* AddFriendsViewController.swift */,
				5C29A99C1C911106008AEF07 /* LoginViewController.swift */,
				5C2284711CA0BD13006E60D1 /* SwiftyJSON.swift */,
				5CDC04551CA34BAC00729814 /* ItemViewController.swift */,
				5C5777FF1C97C468001D7B74 /* CoreData.xcdatamodeld */,
				5C364E3D1C90C21A00E2D829 /* Info.plist */,
				5C364E351C90C21A00E2D829 /* Main.storyboard */,
				5C364E3A1C90C21A00E2D829 /* LaunchScreen.storyboard */,
			);
			path = Grocer;
			sourceTree = "<group>";
		};
		5C364E4D1C90E02200E2D829 /* Pictures */ = {
			isa = PBXGroup;
			children = (
				5C364E381C90C21A00E2D829 /* Assets.xcassets */,
				5C364E481C90D66800E2D829 /* Cabbage1x.png */,
				5C364E471C90D66800E2D829 /* Cabbage2x.png */,
				5C364E491C90D66800E2D829 /* Cabbage0.5x.png */,
			);
			name = Pictures;
			sourceTree = "<group>";
		};
		C39FDA519A8D3A04B7D2A7B2 /* Frameworks */ = {
			isa = PBXGroup;
			children = (
				5C7BBF811CA077AC00FF8528 /* OAuthSwift.framework */,
			);
			name = Frameworks;
			sourceTree = "<group>";
		};
		F6C0D48AED2E9F38125DC042 /* Pods */ = {
			isa = PBXGroup;
			children = (
				A77070D86B6AE7EF2665C018 /* Pods.debug.xcconfig */,
				17EA46A1A113E317EF163615 /* Pods.release.xcconfig */,
			);
			name = Pods;
			sourceTree = "<group>";
		};
/* End PBXGroup section */

/* Begin PBXNativeTarget section */
		5C364E2B1C90C21A00E2D829 /* Grocer */ = {
			isa = PBXNativeTarget;
			buildConfigurationList = 5C364E401C90C21A00E2D829 /* Build configuration list for PBXNativeTarget "Grocer" */;
			buildPhases = (
				740E76B9AEA2EB8522238F5B /* Check Pods Manifest.lock */,
				5C364E281C90C21A00E2D829 /* Sources */,
				5C364E291C90C21A00E2D829 /* Frameworks */,
				5C364E2A1C90C21A00E2D829 /* Resources */,
				A0206E2FC827B057962662ED /* Embed Pods Frameworks */,
				33D6BE75083A93A099776853 /* Copy Pods Resources */,
				5C7BBF881CA078C800FF8528 /* Embed Frameworks */,
			);
			buildRules = (
			);
			dependencies = (
			);
			name = Grocer;
			productName = Grocer;
			productReference = 5C364E2C1C90C21A00E2D829 /* Grocer.app */;
			productType = "com.apple.product-type.application";
		};
/* End PBXNativeTarget section */

/* Begin PBXProject section */
		5C364E241C90C21A00E2D829 /* Project object */ = {
			isa = PBXProject;
			attributes = {
				KnownAssetTags = (
					New,
					"New-1",
				);
				LastSwiftUpdateCheck = 0720;
				LastUpgradeCheck = 0720;
				ORGANIZATIONNAME = lkhatter;
				TargetAttributes = {
					5C364E2B1C90C21A00E2D829 = {
						CreatedOnToolsVersion = 7.2.1;
					};
				};
			};
			buildConfigurationList = 5C364E271C90C21A00E2D829 /* Build configuration list for PBXProject "Grocer" */;
			compatibilityVersion = "Xcode 3.2";
			developmentRegion = English;
			hasScannedForEncodings = 0;
			knownRegions = (
				en,
				Base,
			);
			mainGroup = 5C364E231C90C21A00E2D829;
			productRefGroup = 5C364E2D1C90C21A00E2D829 /* Products */;
			projectDirPath = "";
			projectRoot = "";
			targets = (
				5C364E2B1C90C21A00E2D829 /* Grocer */,
			);
		};
/* End PBXProject section */

/* Begin PBXResourcesBuildPhase section */
		5C364E2A1C90C21A00E2D829 /* Resources */ = {
			isa = PBXResourcesBuildPhase;
			buildActionMask = 2147483647;
			files = (
				5C364E4C1C90D66800E2D829 /* Cabbage0.5x.png in Resources */,
				5C364E4B1C90D66800E2D829 /* Cabbage1x.png in Resources */,
				5C364E3C1C90C21A00E2D829 /* LaunchScreen.storyboard in Resources */,
				5C364E391C90C21A00E2D829 /* Assets.xcassets in Resources */,
				5C364E371C90C21A00E2D829 /* Main.storyboard in Resources */,
				5C364E4A1C90D66800E2D829 /* Cabbage2x.png in Resources */,
			);
			runOnlyForDeploymentPostprocessing = 0;
		};
/* End PBXResourcesBuildPhase section */

/* Begin PBXShellScriptBuildPhase section */
		33D6BE75083A93A099776853 /* Copy Pods Resources */ = {
			isa = PBXShellScriptBuildPhase;
			buildActionMask = 2147483647;
			files = (
			);
			inputPaths = (
			);
			name = "Copy Pods Resources";
			outputPaths = (
			);
			runOnlyForDeploymentPostprocessing = 0;
			shellPath = /bin/sh;
			shellScript = "\"${SRCROOT}/Pods/Target Support Files/Pods/Pods-resources.sh\"\n";
			showEnvVarsInLog = 0;
		};
		740E76B9AEA2EB8522238F5B /* Check Pods Manifest.lock */ = {
			isa = PBXShellScriptBuildPhase;
			buildActionMask = 2147483647;
			files = (
			);
			inputPaths = (
			);
			name = "Check Pods Manifest.lock";
			outputPaths = (
			);
			runOnlyForDeploymentPostprocessing = 0;
			shellPath = /bin/sh;
			shellScript = "diff \"${PODS_ROOT}/../Podfile.lock\" \"${PODS_ROOT}/Manifest.lock\" > /dev/null\nif [[ $? != 0 ]] ; then\n    cat << EOM\nerror: The sandbox is not in sync with the Podfile.lock. Run 'pod install' or update your CocoaPods installation.\nEOM\n    exit 1\nfi\n";
			showEnvVarsInLog = 0;
		};
		A0206E2FC827B057962662ED /* Embed Pods Frameworks */ = {
			isa = PBXShellScriptBuildPhase;
			buildActionMask = 2147483647;
			files = (
			);
			inputPaths = (
			);
			name = "Embed Pods Frameworks";
			outputPaths = (
			);
			runOnlyForDeploymentPostprocessing = 0;
			shellPath = /bin/sh;
			shellScript = "\"${SRCROOT}/Pods/Target Support Files/Pods/Pods-frameworks.sh\"\n";
			showEnvVarsInLog = 0;
		};
/* End PBXShellScriptBuildPhase section */

/* Begin PBXSourcesBuildPhase section */
		5C364E281C90C21A00E2D829 /* Sources */ = {
			isa = PBXSourcesBuildPhase;
			buildActionMask = 2147483647;
			files = (
				5C29A99D1C911106008AEF07 /* LoginViewController.swift in Sources */,
				5C364E341C90C21A00E2D829 /* SecondViewController.swift in Sources */,
				5C364E511C90FA0000E2D829 /* AddFriendsViewController.swift in Sources */,
				5C364E301C90C21A00E2D829 /* AppDelegate.swift in Sources */,
				5C364E4F1C90E7F000E2D829 /* GroceryTableViewController.swift in Sources */,
				5C8641701C9E53B0004D58C8 /* Factual_api.swift in Sources */,
				5C364E321C90C21A00E2D829 /* FirstViewController.swift in Sources */,
				5CDC04561CA34BAC00729814 /* ItemViewController.swift in Sources */,
				5C5778011C97C468001D7B74 /* CoreData.xcdatamodeld in Sources */,
				5C2284721CA0BD13006E60D1 /* SwiftyJSON.swift in Sources */,
			);
			runOnlyForDeploymentPostprocessing = 0;
		};
/* End PBXSourcesBuildPhase section */

/* Begin PBXVariantGroup section */
		5C364E351C90C21A00E2D829 /* Main.storyboard */ = {
			isa = PBXVariantGroup;
			children = (
				5C364E361C90C21A00E2D829 /* Base */,
			);
			name = Main.storyboard;
			sourceTree = "<group>";
		};
		5C364E3A1C90C21A00E2D829 /* LaunchScreen.storyboard */ = {
			isa = PBXVariantGroup;
			children = (
				5C364E3B1C90C21A00E2D829 /* Base */,
			);
			name = LaunchScreen.storyboard;
			sourceTree = "<group>";
		};
/* End PBXVariantGroup section */

/* Begin XCBuildConfiguration section */
		5C364E3E1C90C21A00E2D829 /* Debug */ = {
			isa = XCBuildConfiguration;
			buildSettings = {
				ALWAYS_SEARCH_USER_PATHS = NO;
				CLANG_CXX_LANGUAGE_STANDARD = "gnu++0x";
				CLANG_CXX_LIBRARY = "libc++";
				CLANG_ENABLE_MODULES = YES;
				CLANG_ENABLE_OBJC_ARC = YES;
				CLANG_WARN_BOOL_CONVERSION = YES;
				CLANG_WARN_CONSTANT_CONVERSION = YES;
				CLANG_WARN_DIRECT_OBJC_ISA_USAGE = YES_ERROR;
				CLANG_WARN_EMPTY_BODY = YES;
				CLANG_WARN_ENUM_CONVERSION = YES;
				CLANG_WARN_INT_CONVERSION = YES;
				CLANG_WARN_OBJC_ROOT_CLASS = YES_ERROR;
				CLANG_WARN_UNREACHABLE_CODE = YES;
				CLANG_WARN__DUPLICATE_METHOD_MATCH = YES;
				"CODE_SIGN_IDENTITY[sdk=iphoneos*]" = "iPhone Developer";
				COPY_PHASE_STRIP = NO;
				DEBUG_INFORMATION_FORMAT = dwarf;
				ENABLE_STRICT_OBJC_MSGSEND = YES;
				ENABLE_TESTABILITY = YES;
				GCC_C_LANGUAGE_STANDARD = gnu99;
				GCC_DYNAMIC_NO_PIC = NO;
				GCC_NO_COMMON_BLOCKS = YES;
				GCC_OPTIMIZATION_LEVEL = 0;
				GCC_PREPROCESSOR_DEFINITIONS = (
					"DEBUG=1",
					"$(inherited)",
				);
				GCC_WARN_64_TO_32_BIT_CONVERSION = YES;
				GCC_WARN_ABOUT_RETURN_TYPE = YES_ERROR;
				GCC_WARN_UNDECLARED_SELECTOR = YES;
				GCC_WARN_UNINITIALIZED_AUTOS = YES_AGGRESSIVE;
				GCC_WARN_UNUSED_FUNCTION = YES;
				GCC_WARN_UNUSED_VARIABLE = YES;
				IPHONEOS_DEPLOYMENT_TARGET = 9.2;
				MTL_ENABLE_DEBUG_INFO = YES;
				ONLY_ACTIVE_ARCH = YES;
				SDKROOT = iphoneos;
				SWIFT_OPTIMIZATION_LEVEL = "-Onone";
			};
			name = Debug;
		};
		5C364E3F1C90C21A00E2D829 /* Release */ = {
			isa = XCBuildConfiguration;
			buildSettings = {
				ALWAYS_SEARCH_USER_PATHS = NO;
				CLANG_CXX_LANGUAGE_STANDARD = "gnu++0x";
				CLANG_CXX_LIBRARY = "libc++";
				CLANG_ENABLE_MODULES = YES;
				CLANG_ENABLE_OBJC_ARC = YES;
				CLANG_WARN_BOOL_CONVERSION = YES;
				CLANG_WARN_CONSTANT_CONVERSION = YES;
				CLANG_WARN_DIRECT_OBJC_ISA_USAGE = YES_ERROR;
				CLANG_WARN_EMPTY_BODY = YES;
				CLANG_WARN_ENUM_CONVERSION = YES;
				CLANG_WARN_INT_CONVERSION = YES;
				CLANG_WARN_OBJC_ROOT_CLASS = YES_ERROR;
				CLANG_WARN_UNREACHABLE_CODE = YES;
				CLANG_WARN__DUPLICATE_METHOD_MATCH = YES;
				"CODE_SIGN_IDENTITY[sdk=iphoneos*]" = "iPhone Developer";
				COPY_PHASE_STRIP = NO;
				DEBUG_INFORMATION_FORMAT = "dwarf-with-dsym";
				ENABLE_NS_ASSERTIONS = NO;
				ENABLE_STRICT_OBJC_MSGSEND = YES;
				GCC_C_LANGUAGE_STANDARD = gnu99;
				GCC_NO_COMMON_BLOCKS = YES;
				GCC_WARN_64_TO_32_BIT_CONVERSION = YES;
				GCC_WARN_ABOUT_RETURN_TYPE = YES_ERROR;
				GCC_WARN_UNDECLARED_SELECTOR = YES;
				GCC_WARN_UNINITIALIZED_AUTOS = YES_AGGRESSIVE;
				GCC_WARN_UNUSED_FUNCTION = YES;
				GCC_WARN_UNUSED_VARIABLE = YES;
				IPHONEOS_DEPLOYMENT_TARGET = 9.2;
				MTL_ENABLE_DEBUG_INFO = NO;
				SDKROOT = iphoneos;
				VALIDATE_PRODUCT = YES;
			};
			name = Release;
		};
		5C364E411C90C21A00E2D829 /* Debug */ = {
			isa = XCBuildConfiguration;
			baseConfigurationReference = A77070D86B6AE7EF2665C018 /* Pods.debug.xcconfig */;
			buildSettings = {
				ASSETCATALOG_COMPILER_APPICON_NAME = AppIcon;
				CLANG_ENABLE_MODULES = YES;
				FRAMEWORK_SEARCH_PATHS = (
					"$(inherited)",
					"$(PROJECT_DIR)",
					"$(PROJECT_DIR)/Carthage/Build/iOS",
				);
				INFOPLIST_FILE = Grocer/Info.plist;
				LD_RUNPATH_SEARCH_PATHS = "$(inherited) @executable_path/Frameworks";
				PRODUCT_BUNDLE_IDENTIFIER = self.edu.Grocer;
				PRODUCT_NAME = "$(TARGET_NAME)";
				SWIFT_OPTIMIZATION_LEVEL = "-Onone";
			};
			name = Debug;
		};
		5C364E421C90C21A00E2D829 /* Release */ = {
			isa = XCBuildConfiguration;
			baseConfigurationReference = 17EA46A1A113E317EF163615 /* Pods.release.xcconfig */;
			buildSettings = {
				ASSETCATALOG_COMPILER_APPICON_NAME = AppIcon;
				CLANG_ENABLE_MODULES = YES;
				FRAMEWORK_SEARCH_PATHS = (
					"$(inherited)",
					"$(PROJECT_DIR)",
					"$(PROJECT_DIR)/Carthage/Build/iOS",
				);
				INFOPLIST_FILE = Grocer/Info.plist;
				LD_RUNPATH_SEARCH_PATHS = "$(inherited) @executable_path/Frameworks";
				PRODUCT_BUNDLE_IDENTIFIER = self.edu.Grocer;
				PRODUCT_NAME = "$(TARGET_NAME)";
			};
			name = Release;
		};
/* End XCBuildConfiguration section */

/* Begin XCConfigurationList section */
		5C364E271C90C21A00E2D829 /* Build configuration list for PBXProject "Grocer" */ = {
			isa = XCConfigurationList;
			buildConfigurations = (
				5C364E3E1C90C21A00E2D829 /* Debug */,
				5C364E3F1C90C21A00E2D829 /* Release */,
			);
			defaultConfigurationIsVisible = 0;
			defaultConfigurationName = Release;
		};
		5C364E401C90C21A00E2D829 /* Build configuration list for PBXNativeTarget "Grocer" */ = {
			isa = XCConfigurationList;
			buildConfigurations = (
				5C364E411C90C21A00E2D829 /* Debug */,
				5C364E421C90C21A00E2D829 /* Release */,
			);
			defaultConfigurationIsVisible = 0;
			defaultConfigurationName = Release;
		};
/* End XCConfigurationList section */

/* Begin XCVersionGroup section */
		5C5777FF1C97C468001D7B74 /* CoreData.xcdatamodeld */ = {
			isa = XCVersionGroup;
			children = (
				5C5778001C97C468001D7B74 /* CoreData.xcdatamodel */,
			);
			currentVersion = 5C5778001C97C468001D7B74 /* CoreData.xcdatamodel */;
			path = CoreData.xcdatamodeld;
			sourceTree = "<group>";
			versionGroupType = wrapper.xcdatamodel;
		};
/* End XCVersionGroup section */
	};
	rootObject = 5C364E241C90C21A00E2D829 /* Project object */;
}
